<?xml version="1.0" encoding="utf-8"?>
<Project ToolsVersion="14.0" xmlns="http://schemas.microsoft.com/developer/msbuild/2003">
  <ItemGroup>
    <Filter Include="Assets">
      <UniqueIdentifier>37bdb0dc-c858-4830-9dc1-d17d9899fe02</UniqueIdentifier>
      <Extensions>bmp;fbx;gif;jpg;jpeg;tga;tiff;tif;png</Extensions>
    </Filter>
    <Filter Include="OpenCv">
      <UniqueIdentifier>{96495b57-f5d1-4756-a724-1645bf35e2fc}</UniqueIdentifier>
    </Filter>
    <Filter Include="OpenCv\Debug">
      <UniqueIdentifier>{7e02bf79-9f47-499d-9b76-7041eea57f52}</UniqueIdentifier>
    </Filter>
    <Filter Include="Source">
      <UniqueIdentifier>{74c33c19-c7c5-4374-bdad-7bb5d014f5f0}</UniqueIdentifier>
    </Filter>
    <Filter Include="Source\Parts">
      <UniqueIdentifier>{fe080608-6853-43ff-b2d5-d6306cdb25b2}</UniqueIdentifier>
    </Filter>
    <Filter Include="Source\Parts\DistanceSensor">
      <UniqueIdentifier>{c9772013-f2c2-4238-aee6-c8071eaa7068}</UniqueIdentifier>
    </Filter>
    <Filter Include="Source\Parts\GyroSensor">
      <UniqueIdentifier>{341345d7-30b3-47b2-b01b-153d36fb965d}</UniqueIdentifier>
    </Filter>
    <Filter Include="Source\Tasks">
      <UniqueIdentifier>{f0e8012a-a8a4-4271-8715-6e42c86b01a2}</UniqueIdentifier>
    </Filter>
    <Filter Include="Source\Tasks\Camera">
      <UniqueIdentifier>{2755bfaf-0bb2-42a6-9e21-60cf2dbc64b2}</UniqueIdentifier>
    </Filter>
    <Filter Include="Source\Tasks\DataSender">
      <UniqueIdentifier>{ebadf073-1058-45f8-9f21-8b9363fdcd35}</UniqueIdentifier>
    </Filter>
    <Filter Include="Source\Framework">
      <UniqueIdentifier>{822aa811-5305-43c3-8c55-46d5507603a2}</UniqueIdentifier>
    </Filter>
    <Filter Include="Source\Framework\StopWatch">
      <UniqueIdentifier>{04aec7eb-3ee0-4ec9-9fbe-2c40a056f144}</UniqueIdentifier>
    </Filter>
    <Filter Include="Source\Framework\TaskBase">
      <UniqueIdentifier>{8e48f7b8-36b8-46ed-8476-416418a402a7}</UniqueIdentifier>
    </Filter>
    <Filter Include="Source\Framework\Serial">
      <UniqueIdentifier>{0e8aaf98-77f9-48a5-abff-f8a9dba91b1f}</UniqueIdentifier>
    </Filter>
    <Filter Include="Source\Common">
      <UniqueIdentifier>{cca84bb9-87c1-4edc-b1de-b752769cbf4e}</UniqueIdentifier>
    </Filter>
    <Filter Include="Source\Tasks\SensorMonitor">
      <UniqueIdentifier>{11e7cc67-c8ae-45d6-89d7-d313d21fd25d}</UniqueIdentifier>
    </Filter>
  </ItemGroup>
  <ItemGroup>
    <ApplicationDefinition Include="App.xaml" />
  </ItemGroup>
  <ItemGroup>
    <ClCompile Include="App.xaml.cpp" />
    <ClCompile Include="MainPage.xaml.cpp" />
    <ClCompile Include="pch.cpp" />
    <ClCompile Include="Source\Tasks\Camera\Camera.cpp">
      <Filter>Source\Tasks\Camera</Filter>
    </ClCompile>
    <ClCompile Include="Source\Tasks\DataSender\DataSender.cpp">
      <Filter>Source\Tasks\DataSender</Filter>
    </ClCompile>
    <ClCompile Include="Source\Parts\DistanseSensor\DistanceSensor.cpp">
      <Filter>Source\Parts\DistanceSensor</Filter>
    </ClCompile>
    <ClCompile Include="Source\Parts\GyroSensor\GyroSensor.cpp">
      <Filter>Source\Parts\GyroSensor</Filter>
    </ClCompile>
    <ClCompile Include="Source\Framework\Serial\Serial.cpp">
      <Filter>Source\Framework\Serial</Filter>
    </ClCompile>
    <ClCompile Include="Source\Framework\StopWatch\StopWatch.cpp">
      <Filter>Source\Framework\StopWatch</Filter>
    </ClCompile>
    <ClCompile Include="Source\Framework\TaskBase\TaskBase.cpp">
      <Filter>Source\Framework\TaskBase</Filter>
    </ClCompile>
    <ClCompile Include="Source\Tasks\SensorMonitor\SensorMonitor.cpp">
      <Filter>Source\Tasks\SensorMonitor</Filter>
    </ClCompile>
  </ItemGroup>
  <ItemGroup>
    <ClInclude Include="pch.h" />
    <ClInclude Include="App.xaml.h" />
    <ClInclude Include="MainPage.xaml.h" />
    <ClInclude Include="Source\Common\Common.h">
      <Filter>Source\Common</Filter>
    </ClInclude>
    <ClInclude Include="Source\Tasks\Camera\Camera.h">
      <Filter>Source\Tasks\Camera</Filter>
    </ClInclude>
    <ClInclude Include="Source\Tasks\DataSender\DataSender.h">
      <Filter>Source\Tasks\DataSender</Filter>
    </ClInclude>
    <ClInclude Include="Source\Parts\DistanseSensor\DistanceSensor.h">
      <Filter>Source\Parts\DistanceSensor</Filter>
    </ClInclude>
    <ClInclude Include="Source\Parts\GyroSensor\GyroSensor.h">
      <Filter>Source\Parts\GyroSensor</Filter>
    </ClInclude>
    <ClInclude Include="Source\Framework\Serial\Serial.h">
      <Filter>Source\Framework\Serial</Filter>
    </ClInclude>
    <ClInclude Include="Source\Framework\StopWatch\StopWatch.h">
      <Filter>Source\Framework\StopWatch</Filter>
    </ClInclude>
    <ClInclude Include="Source\Framework\TaskBase\TaskBase.h">
      <Filter>Source\Framework\TaskBase</Filter>
    </ClInclude>
    <ClInclude Include="Source\Tasks\SensorMonitor\SensorMonitor.h">
      <Filter>Source\Tasks\SensorMonitor</Filter>
    </ClInclude>
  </ItemGroup>
  <ItemGroup>
    <Image Include="Assets\LockScreenLogo.scale-200.png">
      <Filter>Assets</Filter>
    </Image>
    <Image Include="Assets\SplashScreen.scale-200.png">
      <Filter>Assets</Filter>
    </Image>
    <Image Include="Assets\Square150x150Logo.scale-200.png">
      <Filter>Assets</Filter>
    </Image>
    <Image Include="Assets\Square44x44Logo.scale-200.png">
      <Filter>Assets</Filter>
    </Image>
    <Image Include="Assets\Square44x44Logo.targetsize-24_altform-unplated.png">
      <Filter>Assets</Filter>
    </Image>
    <Image Include="Assets\StoreLogo.png">
      <Filter>Assets</Filter>
    </Image>
    <Image Include="Assets\Wide310x150Logo.scale-200.png">
      <Filter>Assets</Filter>
    </Image>
  </ItemGroup>
  <ItemGroup>
    <AppxManifest Include="Package.appxmanifest" />
  </ItemGroup>
  <ItemGroup>
    <None Include="ARC2016_TemporaryKey.pfx" />
    <None Include="..\..\..\OpenCV\opencv-vs2015-samples\vs2015\WS\10.0\ARM\bin\Debug\opencv_calib3d300d.dll">
      <Filter>OpenCv\Debug</Filter>
    </None>
    <None Include="..\..\..\OpenCV\opencv-vs2015-samples\vs2015\WS\10.0\ARM\bin\Debug\opencv_core300d.dll">
      <Filter>OpenCv\Debug</Filter>
    </None>
    <None Include="..\..\..\OpenCV\opencv-vs2015-samples\vs2015\WS\10.0\ARM\bin\Debug\opencv_features2d300d.dll">
      <Filter>OpenCv\Debug</Filter>
    </None>
    <None Include="..\..\..\OpenCV\opencv-vs2015-samples\vs2015\WS\10.0\ARM\bin\Debug\opencv_flann300d.dll">
      <Filter>OpenCv\Debug</Filter>
    </None>
    <None Include="..\..\..\OpenCV\opencv-vs2015-samples\vs2015\WS\10.0\ARM\bin\Debug\opencv_imgcodecs300d.dll">
      <Filter>OpenCv\Debug</Filter>
    </None>
    <None Include="..\..\..\OpenCV\opencv-vs2015-samples\vs2015\WS\10.0\ARM\bin\Debug\opencv_imgproc300d.dll">
      <Filter>OpenCv\Debug</Filter>
    </None>
    <None Include="..\..\..\OpenCV\opencv-vs2015-samples\vs2015\WS\10.0\ARM\bin\Debug\opencv_ml300d.dll">
      <Filter>OpenCv\Debug</Filter>
    </None>
    <None Include="..\..\..\OpenCV\opencv-vs2015-samples\vs2015\WS\10.0\ARM\bin\Debug\opencv_objdetect300d.dll">
      <Filter>OpenCv\Debug</Filter>
    </None>
    <None Include="..\..\..\OpenCV\opencv-vs2015-samples\vs2015\WS\10.0\ARM\bin\Debug\opencv_photo300d.dll">
      <Filter>OpenCv\Debug</Filter>
    </None>
    <None Include="..\..\..\OpenCV\opencv-vs2015-samples\vs2015\WS\10.0\ARM\bin\Debug\opencv_shape300d.dll">
      <Filter>OpenCv\Debug</Filter>
    </None>
    <None Include="..\..\..\OpenCV\opencv-vs2015-samples\vs2015\WS\10.0\ARM\bin\Debug\opencv_stitching300d.dll">
      <Filter>OpenCv\Debug</Filter>
    </None>
    <None Include="..\..\..\OpenCV\opencv-vs2015-samples\vs2015\WS\10.0\ARM\bin\Debug\opencv_video300d.dll">
      <Filter>OpenCv\Debug</Filter>
    </None>
    <None Include="..\..\..\OpenCV\opencv-vs2015-samples\vs2015\WS\10.0\ARM\bin\Debug\opencv_videoio300d.dll">
      <Filter>OpenCv\Debug</Filter>
    </None>
    <None Include="..\..\..\OpenCV\opencv-vs2015-samples\vs2015\WS\10.0\ARM\bin\Debug\opencv_videostab300d.dll">
      <Filter>OpenCv\Debug</Filter>
    </None>
    <None Include="..\..\..\OpenCV\opencv-vs2015-samples\vs2015\WS\10.0\ARM\bin\Debug\opencv_winrt.dll">
      <Filter>OpenCv\Debug</Filter>
    </None>
  </ItemGroup>
  <ItemGroup>
    <Page Include="MainPage.xaml" />
  </ItemGroup>
</Project>